
Microsoft Visual Studio Solution File, Format Version 12.00
# Visual Studio 14
VisualStudioVersion = 14.0.25420.1
MinimumVisualStudioVersion = 10.0.40219.1
Project("{FAE04EC0-301F-11D3-BF4B-00C04F79EFBC}") = "decal.Calendar", "decal.Calendar\decal.Calendar.csproj", "{6969E77C-7055-4234-9774-7E8C09F7F9C5}"
EndProject
Project("{FAE04EC0-301F-11D3-BF4B-00C04F79EFBC}") = "decal.App", "decal.App\decal.App.csproj", "{C511F55B-74BA-4BAE-8FE8-D0395BD01F7F}"
EndProject
Project("{FAE04EC0-301F-11D3-BF4B-00C04F79EFBC}") = "decal.Calendar.ViewModel", "decal.Calendar.ViewModel\decal.Calendar.ViewModel.csproj", "{2757F699-8935-42F1-B951-055F45BC0C31}"
EndProject
Project("{FAE04EC0-301F-11D3-BF4B-00C04F79EFBC}") = "decal.Calendar.API", "decal.Calendar.API\decal.Calendar.API.csproj", "{D732059C-F01D-48C4-BDC2-1AF3BBEE9BEA}"
EndProject
Global
	GlobalSection(SolutionConfigurationPlatforms) = preSolution
		Debug|Any CPU = Debug|Any CPU
		Release|Any CPU = Release|Any CPU
	EndGlobalSection
	GlobalSection(ProjectConfigurationPlatforms) = postSolution
		{6969E77C-7055-4234-9774-7E8C09F7F9C5}.Debug|Any CPU.ActiveCfg = Debug|Any CPU
		{6969E77C-7055-4234-9774-7E8C09F7F9C5}.Debug|Any CPU.Build.0 = Debug|Any CPU
		{6969E77C-7055-4234-9774-7E8C09F7F9C5}.Release|Any CPU.ActiveCfg = Release|Any CPU
		{6969E77C-7055-4234-9774-7E8C09F7F9C5}.Release|Any CPU.Build.0 = Release|Any CPU
		{C511F55B-74BA-4BAE-8FE8-D0395BD01F7F}.Debug|Any CPU.ActiveCfg = Debug|Any CPU
		{C511F55B-74BA-4BAE-8FE8-D0395BD01F7F}.Debug|Any CPU.Build.0 = Debug|Any CPU
		{C511F55B-74BA-4BAE-8FE8-D0395BD01F7F}.Release|Any CPU.ActiveCfg = Release|Any CPU
		{C511F55B-74BA-4BAE-8FE8-D0395BD01F7F}.Release|Any CPU.Build.0 = Release|Any CPU
		{2757F699-8935-42F1-B951-055F45BC0C31}.Debug|Any CPU.ActiveCfg = Debug|Any CPU
		{2757F699-8935-42F1-B951-055F45BC0C31}.Debug|Any CPU.Build.0 = Debug|Any CPU
		{2757F699-8935-42F1-B951-055F45BC0C31}.Release|Any CPU.ActiveCfg = Release|Any CPU
		{2757F699-8935-42F1-B951-055F45BC0C31}.Release|Any CPU.Build.0 = Release|Any CPU
		{D732059C-F01D-48C4-BDC2-1AF3BBEE9BEA}.Debug|Any CPU.ActiveCfg = Debug|Any CPU
		{D732059C-F01D-48C4-BDC2-1AF3BBEE9BEA}.Debug|Any CPU.Build.0 = Debug|Any CPU
		{D732059C-F01D-48C4-BDC2-1AF3BBEE9BEA}.Release|Any CPU.ActiveCfg = Release|Any CPU
		{D732059C-F01D-48C4-BDC2-1AF3BBEE9BEA}.Release|Any CPU.Build.0 = Release|Any CPU
	EndGlobalSection
	GlobalSection(SolutionProperties) = preSolution
		HideSolutionNode = FALSE
	EndGlobalSection
EndGlobal
